
Microsoft Visual Studio Solution File, Format Version 12.00
# Visual Studio 2012
Project("{FAE04EC0-301F-11D3-BF4B-00C04F79EFBC}") = "procon25_ProblemReader", "procon25_ProblemReader\procon25_ProblemReader.csproj", "{49D51B9A-CC13-4B68-8C65-1D529898CD2F}"
EndProject
Global
	GlobalSection(SolutionConfigurationPlatforms) = preSolution
		Debug|Any CPU = Debug|Any CPU
		Release|Any CPU = Release|Any CPU
	EndGlobalSection
	GlobalSection(ProjectConfigurationPlatforms) = postSolution
		{49D51B9A-CC13-4B68-8C65-1D529898CD2F}.Debug|Any CPU.ActiveCfg = Debug|Any CPU
		{49D51B9A-CC13-4B68-8C65-1D529898CD2F}.Debug|Any CPU.Build.0 = Debug|Any CPU
		{49D51B9A-CC13-4B68-8C65-1D529898CD2F}.Release|Any CPU.ActiveCfg = Release|Any CPU
		{49D51B9A-CC13-4B68-8C65-1D529898CD2F}.Release|Any CPU.Build.0 = Release|Any CPU
	EndGlobalSection
	GlobalSection(SolutionProperties) = preSolution
		HideSolutionNode = FALSE
	EndGlobalSection
EndGlobal
